
Microsoft Visual Studio Solution File, Format Version 12.00
# Visual Studio Version 16
VisualStudioVersion = 16.0.30523.141
MinimumVisualStudioVersion = 10.0.40219.1
Project("{FAE04EC0-301F-11D3-BF4B-00C04F79EFBC}") = "Acceso", "Acceso\Acceso.csproj", "{7E949626-275D-440C-ADF7-3D6816F5C71D}"
EndProject
Global
	GlobalSection(SolutionConfigurationPlatforms) = preSolution
		Debug|Any CPU = Debug|Any CPU
		Release|Any CPU = Release|Any CPU
	EndGlobalSection
	GlobalSection(ProjectConfigurationPlatforms) = postSolution
		{7E949626-275D-440C-ADF7-3D6816F5C71D}.Debug|Any CPU.ActiveCfg = Debug|Any CPU
		{7E949626-275D-440C-ADF7-3D6816F5C71D}.Debug|Any CPU.Build.0 = Debug|Any CPU
		{7E949626-275D-440C-ADF7-3D6816F5C71D}.Release|Any CPU.ActiveCfg = Release|Any CPU
		{7E949626-275D-440C-ADF7-3D6816F5C71D}.Release|Any CPU.Build.0 = Release|Any CPU
	EndGlobalSection
	GlobalSection(SolutionProperties) = preSolution
		HideSolutionNode = FALSE
	EndGlobalSection
	GlobalSection(ExtensibilityGlobals) = postSolution
		SolutionGuid = {D644B539-D8EB-4215-A9F3-8E1F346F4A8C}
	EndGlobalSection
EndGlobal
