
Microsoft Visual Studio Solution File, Format Version 12.00
# Visual Studio Version 16
VisualStudioVersion = 16.0.30523.141
MinimumVisualStudioVersion = 10.0.40219.1
Project("{FAE04EC0-301F-11D3-BF4B-00C04F79EFBC}") = "MiSoap", "MiSoap\MiSoap.csproj", "{FB9747EF-D0A7-47B3-A584-EFCD0534486A}"
EndProject
Project("{FAE04EC0-301F-11D3-BF4B-00C04F79EFBC}") = "Cliente", "Cliente\Cliente.csproj", "{B09B5AEE-B334-4D7A-824E-DA4A61E48BAA}"
	ProjectSection(ProjectDependencies) = postProject
		{FB9747EF-D0A7-47B3-A584-EFCD0534486A} = {FB9747EF-D0A7-47B3-A584-EFCD0534486A}
	EndProjectSection
EndProject
Global
	GlobalSection(SolutionConfigurationPlatforms) = preSolution
		Debug|Any CPU = Debug|Any CPU
		Release|Any CPU = Release|Any CPU
	EndGlobalSection
	GlobalSection(ProjectConfigurationPlatforms) = postSolution
		{FB9747EF-D0A7-47B3-A584-EFCD0534486A}.Debug|Any CPU.ActiveCfg = Debug|Any CPU
		{FB9747EF-D0A7-47B3-A584-EFCD0534486A}.Debug|Any CPU.Build.0 = Debug|Any CPU
		{FB9747EF-D0A7-47B3-A584-EFCD0534486A}.Release|Any CPU.ActiveCfg = Release|Any CPU
		{FB9747EF-D0A7-47B3-A584-EFCD0534486A}.Release|Any CPU.Build.0 = Release|Any CPU
		{B09B5AEE-B334-4D7A-824E-DA4A61E48BAA}.Debug|Any CPU.ActiveCfg = Debug|Any CPU
		{B09B5AEE-B334-4D7A-824E-DA4A61E48BAA}.Debug|Any CPU.Build.0 = Debug|Any CPU
		{B09B5AEE-B334-4D7A-824E-DA4A61E48BAA}.Release|Any CPU.ActiveCfg = Release|Any CPU
		{B09B5AEE-B334-4D7A-824E-DA4A61E48BAA}.Release|Any CPU.Build.0 = Release|Any CPU
	EndGlobalSection
	GlobalSection(SolutionProperties) = preSolution
		HideSolutionNode = FALSE
	EndGlobalSection
	GlobalSection(ExtensibilityGlobals) = postSolution
		SolutionGuid = {E3C533F7-CF28-441A-A75D-F721DB54B51B}
	EndGlobalSection
EndGlobal
